
Microsoft Visual Studio Solution File, Format Version 12.00
# Visual Studio Version 17
VisualStudioVersion = 17.5.002.0
MinimumVisualStudioVersion = 10.0.40219.1
Project("{9A19103F-16F7-4668-BE54-9A1E7A4F7556}") = "Sample", "Sample\Sample.csproj", "{D25ECA8C-9928-4746-81BD-62320D3DF722}"
EndProject
Project("{2150E333-8FDC-42A3-9474-1A3956D46DE8}") = "MyConsoleApp", "MyConsoleApp", "{5E814A23-34E2-4869-AC67-6EC6270CA2F3}"
EndProject
Project("{9A19103F-16F7-4668-BE54-9A1E7A4F7556}") = "MyApp.APP", "MyConsoleApp\MyApp.APP\MyApp.APP.csproj", "{88831536-BD7F-428D-AADE-0A9B2CD5675B}"
EndProject
Global
	GlobalSection(SolutionConfigurationPlatforms) = preSolution
		Debug|Any CPU = Debug|Any CPU
		Release|Any CPU = Release|Any CPU
	EndGlobalSection
	GlobalSection(ProjectConfigurationPlatforms) = postSolution
		{D25ECA8C-9928-4746-81BD-62320D3DF722}.Debug|Any CPU.ActiveCfg = Debug|Any CPU
		{D25ECA8C-9928-4746-81BD-62320D3DF722}.Debug|Any CPU.Build.0 = Debug|Any CPU
		{D25ECA8C-9928-4746-81BD-62320D3DF722}.Release|Any CPU.ActiveCfg = Release|Any CPU
		{D25ECA8C-9928-4746-81BD-62320D3DF722}.Release|Any CPU.Build.0 = Release|Any CPU
		{88831536-BD7F-428D-AADE-0A9B2CD5675B}.Debug|Any CPU.ActiveCfg = Debug|Any CPU
		{88831536-BD7F-428D-AADE-0A9B2CD5675B}.Debug|Any CPU.Build.0 = Debug|Any CPU
		{88831536-BD7F-428D-AADE-0A9B2CD5675B}.Release|Any CPU.ActiveCfg = Release|Any CPU
		{88831536-BD7F-428D-AADE-0A9B2CD5675B}.Release|Any CPU.Build.0 = Release|Any CPU
	EndGlobalSection
	GlobalSection(SolutionProperties) = preSolution
		HideSolutionNode = FALSE
	EndGlobalSection
	GlobalSection(NestedProjects) = preSolution
		{88831536-BD7F-428D-AADE-0A9B2CD5675B} = {5E814A23-34E2-4869-AC67-6EC6270CA2F3}
	EndGlobalSection
	GlobalSection(ExtensibilityGlobals) = postSolution
		SolutionGuid = {B0704027-C606-44E8-A4AB-DCD7D2A6A1BA}
	EndGlobalSection
EndGlobal
